
Microsoft Visual Studio Solution File, Format Version 12.00
# Visual Studio Version 16
VisualStudioVersion = 16.0.30907.101
MinimumVisualStudioVersion = 10.0.40219.1
Project("{FAE04EC0-301F-11D3-BF4B-00C04F79EFBC}") = "task1", "task1\task1.csproj", "{F6DD44BC-F94C-486A-BF82-35502073C83E}"
EndProject
Project("{FAE04EC0-301F-11D3-BF4B-00C04F79EFBC}") = "test_task1", "test_task1\test_task1.csproj", "{A009E910-9DBB-42D7-9A3D-07A76EF7819E}"
EndProject
Project("{FAE04EC0-301F-11D3-BF4B-00C04F79EFBC}") = "task3", "task3\task3.csproj", "{DE7927CD-95EE-443D-AB39-E74B9EE3618E}"
EndProject
Project("{FAE04EC0-301F-11D3-BF4B-00C04F79EFBC}") = "task3_test", "task3_test\task3_test.csproj", "{7FF07CF1-4B2A-4486-8F39-33660B929DE0}"
EndProject
Global
	GlobalSection(SolutionConfigurationPlatforms) = preSolution
		Debug|Any CPU = Debug|Any CPU
		Release|Any CPU = Release|Any CPU
	EndGlobalSection
	GlobalSection(ProjectConfigurationPlatforms) = postSolution
		{F6DD44BC-F94C-486A-BF82-35502073C83E}.Debug|Any CPU.ActiveCfg = Debug|Any CPU
		{F6DD44BC-F94C-486A-BF82-35502073C83E}.Debug|Any CPU.Build.0 = Debug|Any CPU
		{F6DD44BC-F94C-486A-BF82-35502073C83E}.Release|Any CPU.ActiveCfg = Release|Any CPU
		{F6DD44BC-F94C-486A-BF82-35502073C83E}.Release|Any CPU.Build.0 = Release|Any CPU
		{A009E910-9DBB-42D7-9A3D-07A76EF7819E}.Debug|Any CPU.ActiveCfg = Debug|Any CPU
		{A009E910-9DBB-42D7-9A3D-07A76EF7819E}.Debug|Any CPU.Build.0 = Debug|Any CPU
		{A009E910-9DBB-42D7-9A3D-07A76EF7819E}.Release|Any CPU.ActiveCfg = Release|Any CPU
		{A009E910-9DBB-42D7-9A3D-07A76EF7819E}.Release|Any CPU.Build.0 = Release|Any CPU
		{DE7927CD-95EE-443D-AB39-E74B9EE3618E}.Debug|Any CPU.ActiveCfg = Debug|Any CPU
		{DE7927CD-95EE-443D-AB39-E74B9EE3618E}.Debug|Any CPU.Build.0 = Debug|Any CPU
		{DE7927CD-95EE-443D-AB39-E74B9EE3618E}.Release|Any CPU.ActiveCfg = Release|Any CPU
		{DE7927CD-95EE-443D-AB39-E74B9EE3618E}.Release|Any CPU.Build.0 = Release|Any CPU
		{7FF07CF1-4B2A-4486-8F39-33660B929DE0}.Debug|Any CPU.ActiveCfg = Debug|Any CPU
		{7FF07CF1-4B2A-4486-8F39-33660B929DE0}.Debug|Any CPU.Build.0 = Debug|Any CPU
		{7FF07CF1-4B2A-4486-8F39-33660B929DE0}.Release|Any CPU.ActiveCfg = Release|Any CPU
		{7FF07CF1-4B2A-4486-8F39-33660B929DE0}.Release|Any CPU.Build.0 = Release|Any CPU
	EndGlobalSection
	GlobalSection(SolutionProperties) = preSolution
		HideSolutionNode = FALSE
	EndGlobalSection
	GlobalSection(ExtensibilityGlobals) = postSolution
		SolutionGuid = {D9E322F7-D435-4617-BD82-1A5C66437E43}
	EndGlobalSection
EndGlobal
