
Microsoft Visual Studio Solution File, Format Version 12.00
# Visual Studio Version 16
VisualStudioVersion = 16.0.30907.101
MinimumVisualStudioVersion = 10.0.40219.1
Project("{FAE04EC0-301F-11D3-BF4B-00C04F79EFBC}") = "List_examples", "List_examples\List_examples.csproj", "{A1DE6C4D-992D-4262-B702-704AFACF49BC}"
EndProject
Project("{FAE04EC0-301F-11D3-BF4B-00C04F79EFBC}") = "task1", "task1\task1.csproj", "{3E3B9829-A877-48A4-8051-B2C5E45393B8}"
EndProject
Project("{FAE04EC0-301F-11D3-BF4B-00C04F79EFBC}") = "task1_test", "task1_test\task1_test.csproj", "{2707E163-3EDB-4B8F-8DEB-35806CADB17A}"
EndProject
Project("{FAE04EC0-301F-11D3-BF4B-00C04F79EFBC}") = "task2", "task2\task2.csproj", "{00C6684E-4D95-42A9-ADFB-22C75A70D535}"
EndProject
Project("{FAE04EC0-301F-11D3-BF4B-00C04F79EFBC}") = "task2_test", "task2_test\task2_test.csproj", "{2AE66ED1-F5B3-4322-A90E-BF809B2D7236}"
EndProject
Global
	GlobalSection(SolutionConfigurationPlatforms) = preSolution
		Debug|Any CPU = Debug|Any CPU
		Release|Any CPU = Release|Any CPU
	EndGlobalSection
	GlobalSection(ProjectConfigurationPlatforms) = postSolution
		{A1DE6C4D-992D-4262-B702-704AFACF49BC}.Debug|Any CPU.ActiveCfg = Debug|Any CPU
		{A1DE6C4D-992D-4262-B702-704AFACF49BC}.Debug|Any CPU.Build.0 = Debug|Any CPU
		{A1DE6C4D-992D-4262-B702-704AFACF49BC}.Release|Any CPU.ActiveCfg = Release|Any CPU
		{A1DE6C4D-992D-4262-B702-704AFACF49BC}.Release|Any CPU.Build.0 = Release|Any CPU
		{3E3B9829-A877-48A4-8051-B2C5E45393B8}.Debug|Any CPU.ActiveCfg = Debug|Any CPU
		{3E3B9829-A877-48A4-8051-B2C5E45393B8}.Debug|Any CPU.Build.0 = Debug|Any CPU
		{3E3B9829-A877-48A4-8051-B2C5E45393B8}.Release|Any CPU.ActiveCfg = Release|Any CPU
		{3E3B9829-A877-48A4-8051-B2C5E45393B8}.Release|Any CPU.Build.0 = Release|Any CPU
		{2707E163-3EDB-4B8F-8DEB-35806CADB17A}.Debug|Any CPU.ActiveCfg = Debug|Any CPU
		{2707E163-3EDB-4B8F-8DEB-35806CADB17A}.Debug|Any CPU.Build.0 = Debug|Any CPU
		{2707E163-3EDB-4B8F-8DEB-35806CADB17A}.Release|Any CPU.ActiveCfg = Release|Any CPU
		{2707E163-3EDB-4B8F-8DEB-35806CADB17A}.Release|Any CPU.Build.0 = Release|Any CPU
		{00C6684E-4D95-42A9-ADFB-22C75A70D535}.Debug|Any CPU.ActiveCfg = Debug|Any CPU
		{00C6684E-4D95-42A9-ADFB-22C75A70D535}.Debug|Any CPU.Build.0 = Debug|Any CPU
		{00C6684E-4D95-42A9-ADFB-22C75A70D535}.Release|Any CPU.ActiveCfg = Release|Any CPU
		{00C6684E-4D95-42A9-ADFB-22C75A70D535}.Release|Any CPU.Build.0 = Release|Any CPU
		{2AE66ED1-F5B3-4322-A90E-BF809B2D7236}.Debug|Any CPU.ActiveCfg = Debug|Any CPU
		{2AE66ED1-F5B3-4322-A90E-BF809B2D7236}.Debug|Any CPU.Build.0 = Debug|Any CPU
		{2AE66ED1-F5B3-4322-A90E-BF809B2D7236}.Release|Any CPU.ActiveCfg = Release|Any CPU
		{2AE66ED1-F5B3-4322-A90E-BF809B2D7236}.Release|Any CPU.Build.0 = Release|Any CPU
	EndGlobalSection
	GlobalSection(SolutionProperties) = preSolution
		HideSolutionNode = FALSE
	EndGlobalSection
	GlobalSection(ExtensibilityGlobals) = postSolution
		SolutionGuid = {C39F5E18-C413-4772-864B-115C00DE7D96}
	EndGlobalSection
EndGlobal
